
Microsoft Visual Studio Solution File, Format Version 12.00
Project("{2150E333-8FDC-42A3-9474-1A3956D46DE8}") = "src", "src", "{6AC6AC3C-51DD-40EB-9995-BF2167DC7EB9}"
EndProject
Project("{2150E333-8FDC-42A3-9474-1A3956D46DE8}") = "UserService", "UserService", "{031973B7-D51C-4CC1-A245-6249CC064920}"
EndProject
Project("{2150E333-8FDC-42A3-9474-1A3956D46DE8}") = "ProductService", "ProductService", "{CCBF576C-7C24-4A81-B955-646F7480F135}"
EndProject
Project("{FAE04EC0-301F-11D3-BF4B-00C04F79EFBC}") = "UserService.Repository", "src\UserService\UserService.Repository\UserService.Repository.csproj", "{E1D13937-32B3-4F9A-BCE4-5925E57A4DE2}"
EndProject
Project("{FAE04EC0-301F-11D3-BF4B-00C04F79EFBC}") = "UserService.Entities", "src\UserService\UserService.Entities\UserService.Entities.csproj", "{2819A80A-5260-4819-AF07-DD0A70AB7472}"
EndProject
Project("{FAE04EC0-301F-11D3-BF4B-00C04F79EFBC}") = "UserService.Contracts", "src\UserService\UserService.Contracts\UserService.Contracts.csproj", "{C1E2EB22-573A-4ABA-B32D-56D631A63DFF}"
EndProject
Project("{FAE04EC0-301F-11D3-BF4B-00C04F79EFBC}") = "UserService.Service", "src\UserService\UserService.Service\UserService.Service.csproj", "{7DC4809B-2FA2-41CC-90F3-578577C76CBF}"
EndProject
Project("{FAE04EC0-301F-11D3-BF4B-00C04F79EFBC}") = "UserService.Service.Contracts", "src\UserService\UserService.Service.Contracts\UserService.Service.Contracts.csproj", "{64165555-A467-4F09-8AF9-717689274684}"
EndProject
Project("{FAE04EC0-301F-11D3-BF4B-00C04F79EFBC}") = "UserService.Presentation", "src\UserService\UserService.Presentation\UserService.Presentation.csproj", "{AA38A808-D7EA-40D5-833D-FACFD440C859}"
EndProject
Project("{FAE04EC0-301F-11D3-BF4B-00C04F79EFBC}") = "UserService.Shared", "src\UserService\UserService.Shared\UserService.Shared.csproj", "{68B91EA0-17EA-43B1-AB7F-8D872280ACB2}"
EndProject
Project("{FAE04EC0-301F-11D3-BF4B-00C04F79EFBC}") = "UserService", "src\UserService\UserService\UserService.csproj", "{EBFCEFA8-B419-49A0-B8E9-3447339599A9}"
EndProject
Project("{FAE04EC0-301F-11D3-BF4B-00C04F79EFBC}") = "ProductService", "src\ProductService\ProductService\ProductService.csproj", "{46789104-2697-479C-9103-4AB8CB7A564D}"
EndProject
Project("{FAE04EC0-301F-11D3-BF4B-00C04F79EFBC}") = "ProductService.Shared", "src\ProductService\ProductService.Shared\ProductService.Shared.csproj", "{0D6A47DB-CA5E-4EAB-993D-5AE7B659CD6B}"
EndProject
Project("{FAE04EC0-301F-11D3-BF4B-00C04F79EFBC}") = "ProductService.Entities", "src\ProductService\ProductService.Entities\ProductService.Entities.csproj", "{E96BDE14-0358-48BF-9B5A-9E0F0BCD3F8D}"
EndProject
Project("{FAE04EC0-301F-11D3-BF4B-00C04F79EFBC}") = "ProductService.Repository", "src\ProductService\ProductService.Repository\ProductService.Repository.csproj", "{E9C7A160-AB08-4190-AE19-C4B8A479966A}"
EndProject
Project("{FAE04EC0-301F-11D3-BF4B-00C04F79EFBC}") = "ProductService.Service", "src\ProductService\ProductService.Service\ProductService.Service.csproj", "{DBCC43C3-CC2D-4530-A8BF-7F95E774F0C9}"
EndProject
Project("{FAE04EC0-301F-11D3-BF4B-00C04F79EFBC}") = "ProductService.Contracts", "src\ProductService\ProductService.Contracts\ProductService.Contracts.csproj", "{C868ECF1-EE36-4792-9459-10681E47F330}"
EndProject
Project("{FAE04EC0-301F-11D3-BF4B-00C04F79EFBC}") = "ProductService.Service.Contracts", "src\ProductService\ProductService.Service.Contracts\ProductService.Service.Contracts.csproj", "{A063C6EC-6209-47C0-98B5-52B98381BE4A}"
EndProject
Project("{FAE04EC0-301F-11D3-BF4B-00C04F79EFBC}") = "ProductService.Presentation", "src\ProductService\ProductService.Presentation\ProductService.Presentation.csproj", "{C143FA40-4582-4EB9-ABFB-15918262F072}"
EndProject
Project("{FAE04EC0-301F-11D3-BF4B-00C04F79EFBC}") = "ProductService.LoggerService", "src\ProductService\ProductService.LoggerService\ProductService.LoggerService.csproj", "{F88844A4-C6EF-4411-A29D-FAFA81407F08}"
EndProject
Project("{FAE04EC0-301F-11D3-BF4B-00C04F79EFBC}") = "UserService.LoggerService", "src\UserService\UserService.LoggerService\UserService.LoggerService.csproj", "{7C715BD4-A7C8-4DCE-BA51-77C6A999B5D9}"
EndProject
Global
	GlobalSection(SolutionConfigurationPlatforms) = preSolution
		Debug|Any CPU = Debug|Any CPU
		Release|Any CPU = Release|Any CPU
	EndGlobalSection
	GlobalSection(NestedProjects) = preSolution
		{031973B7-D51C-4CC1-A245-6249CC064920} = {6AC6AC3C-51DD-40EB-9995-BF2167DC7EB9}
		{CCBF576C-7C24-4A81-B955-646F7480F135} = {6AC6AC3C-51DD-40EB-9995-BF2167DC7EB9}
		{E1D13937-32B3-4F9A-BCE4-5925E57A4DE2} = {031973B7-D51C-4CC1-A245-6249CC064920}
		{2819A80A-5260-4819-AF07-DD0A70AB7472} = {031973B7-D51C-4CC1-A245-6249CC064920}
		{C1E2EB22-573A-4ABA-B32D-56D631A63DFF} = {031973B7-D51C-4CC1-A245-6249CC064920}
		{7DC4809B-2FA2-41CC-90F3-578577C76CBF} = {031973B7-D51C-4CC1-A245-6249CC064920}
		{64165555-A467-4F09-8AF9-717689274684} = {031973B7-D51C-4CC1-A245-6249CC064920}
		{AA38A808-D7EA-40D5-833D-FACFD440C859} = {031973B7-D51C-4CC1-A245-6249CC064920}
		{68B91EA0-17EA-43B1-AB7F-8D872280ACB2} = {031973B7-D51C-4CC1-A245-6249CC064920}
		{EBFCEFA8-B419-49A0-B8E9-3447339599A9} = {031973B7-D51C-4CC1-A245-6249CC064920}
		{46789104-2697-479C-9103-4AB8CB7A564D} = {CCBF576C-7C24-4A81-B955-646F7480F135}
		{0D6A47DB-CA5E-4EAB-993D-5AE7B659CD6B} = {CCBF576C-7C24-4A81-B955-646F7480F135}
		{E96BDE14-0358-48BF-9B5A-9E0F0BCD3F8D} = {CCBF576C-7C24-4A81-B955-646F7480F135}
		{E9C7A160-AB08-4190-AE19-C4B8A479966A} = {CCBF576C-7C24-4A81-B955-646F7480F135}
		{DBCC43C3-CC2D-4530-A8BF-7F95E774F0C9} = {CCBF576C-7C24-4A81-B955-646F7480F135}
		{C868ECF1-EE36-4792-9459-10681E47F330} = {CCBF576C-7C24-4A81-B955-646F7480F135}
		{A063C6EC-6209-47C0-98B5-52B98381BE4A} = {CCBF576C-7C24-4A81-B955-646F7480F135}
		{C143FA40-4582-4EB9-ABFB-15918262F072} = {CCBF576C-7C24-4A81-B955-646F7480F135}
		{F88844A4-C6EF-4411-A29D-FAFA81407F08} = {CCBF576C-7C24-4A81-B955-646F7480F135}
		{7C715BD4-A7C8-4DCE-BA51-77C6A999B5D9} = {031973B7-D51C-4CC1-A245-6249CC064920}
	EndGlobalSection
	GlobalSection(ProjectConfigurationPlatforms) = postSolution
		{E1D13937-32B3-4F9A-BCE4-5925E57A4DE2}.Debug|Any CPU.ActiveCfg = Debug|Any CPU
		{E1D13937-32B3-4F9A-BCE4-5925E57A4DE2}.Debug|Any CPU.Build.0 = Debug|Any CPU
		{E1D13937-32B3-4F9A-BCE4-5925E57A4DE2}.Release|Any CPU.ActiveCfg = Release|Any CPU
		{E1D13937-32B3-4F9A-BCE4-5925E57A4DE2}.Release|Any CPU.Build.0 = Release|Any CPU
		{2819A80A-5260-4819-AF07-DD0A70AB7472}.Debug|Any CPU.ActiveCfg = Debug|Any CPU
		{2819A80A-5260-4819-AF07-DD0A70AB7472}.Debug|Any CPU.Build.0 = Debug|Any CPU
		{2819A80A-5260-4819-AF07-DD0A70AB7472}.Release|Any CPU.ActiveCfg = Release|Any CPU
		{2819A80A-5260-4819-AF07-DD0A70AB7472}.Release|Any CPU.Build.0 = Release|Any CPU
		{C1E2EB22-573A-4ABA-B32D-56D631A63DFF}.Debug|Any CPU.ActiveCfg = Debug|Any CPU
		{C1E2EB22-573A-4ABA-B32D-56D631A63DFF}.Debug|Any CPU.Build.0 = Debug|Any CPU
		{C1E2EB22-573A-4ABA-B32D-56D631A63DFF}.Release|Any CPU.ActiveCfg = Release|Any CPU
		{C1E2EB22-573A-4ABA-B32D-56D631A63DFF}.Release|Any CPU.Build.0 = Release|Any CPU
		{7DC4809B-2FA2-41CC-90F3-578577C76CBF}.Debug|Any CPU.ActiveCfg = Debug|Any CPU
		{7DC4809B-2FA2-41CC-90F3-578577C76CBF}.Debug|Any CPU.Build.0 = Debug|Any CPU
		{7DC4809B-2FA2-41CC-90F3-578577C76CBF}.Release|Any CPU.ActiveCfg = Release|Any CPU
		{7DC4809B-2FA2-41CC-90F3-578577C76CBF}.Release|Any CPU.Build.0 = Release|Any CPU
		{64165555-A467-4F09-8AF9-717689274684}.Debug|Any CPU.ActiveCfg = Debug|Any CPU
		{64165555-A467-4F09-8AF9-717689274684}.Debug|Any CPU.Build.0 = Debug|Any CPU
		{64165555-A467-4F09-8AF9-717689274684}.Release|Any CPU.ActiveCfg = Release|Any CPU
		{64165555-A467-4F09-8AF9-717689274684}.Release|Any CPU.Build.0 = Release|Any CPU
		{AA38A808-D7EA-40D5-833D-FACFD440C859}.Debug|Any CPU.ActiveCfg = Debug|Any CPU
		{AA38A808-D7EA-40D5-833D-FACFD440C859}.Debug|Any CPU.Build.0 = Debug|Any CPU
		{AA38A808-D7EA-40D5-833D-FACFD440C859}.Release|Any CPU.ActiveCfg = Release|Any CPU
		{AA38A808-D7EA-40D5-833D-FACFD440C859}.Release|Any CPU.Build.0 = Release|Any CPU
		{68B91EA0-17EA-43B1-AB7F-8D872280ACB2}.Debug|Any CPU.ActiveCfg = Debug|Any CPU
		{68B91EA0-17EA-43B1-AB7F-8D872280ACB2}.Debug|Any CPU.Build.0 = Debug|Any CPU
		{68B91EA0-17EA-43B1-AB7F-8D872280ACB2}.Release|Any CPU.ActiveCfg = Release|Any CPU
		{68B91EA0-17EA-43B1-AB7F-8D872280ACB2}.Release|Any CPU.Build.0 = Release|Any CPU
		{EBFCEFA8-B419-49A0-B8E9-3447339599A9}.Debug|Any CPU.ActiveCfg = Debug|Any CPU
		{EBFCEFA8-B419-49A0-B8E9-3447339599A9}.Debug|Any CPU.Build.0 = Debug|Any CPU
		{EBFCEFA8-B419-49A0-B8E9-3447339599A9}.Release|Any CPU.ActiveCfg = Release|Any CPU
		{EBFCEFA8-B419-49A0-B8E9-3447339599A9}.Release|Any CPU.Build.0 = Release|Any CPU
		{46789104-2697-479C-9103-4AB8CB7A564D}.Debug|Any CPU.ActiveCfg = Debug|Any CPU
		{46789104-2697-479C-9103-4AB8CB7A564D}.Debug|Any CPU.Build.0 = Debug|Any CPU
		{46789104-2697-479C-9103-4AB8CB7A564D}.Release|Any CPU.ActiveCfg = Release|Any CPU
		{46789104-2697-479C-9103-4AB8CB7A564D}.Release|Any CPU.Build.0 = Release|Any CPU
		{0D6A47DB-CA5E-4EAB-993D-5AE7B659CD6B}.Debug|Any CPU.ActiveCfg = Debug|Any CPU
		{0D6A47DB-CA5E-4EAB-993D-5AE7B659CD6B}.Debug|Any CPU.Build.0 = Debug|Any CPU
		{0D6A47DB-CA5E-4EAB-993D-5AE7B659CD6B}.Release|Any CPU.ActiveCfg = Release|Any CPU
		{0D6A47DB-CA5E-4EAB-993D-5AE7B659CD6B}.Release|Any CPU.Build.0 = Release|Any CPU
		{E96BDE14-0358-48BF-9B5A-9E0F0BCD3F8D}.Debug|Any CPU.ActiveCfg = Debug|Any CPU
		{E96BDE14-0358-48BF-9B5A-9E0F0BCD3F8D}.Debug|Any CPU.Build.0 = Debug|Any CPU
		{E96BDE14-0358-48BF-9B5A-9E0F0BCD3F8D}.Release|Any CPU.ActiveCfg = Release|Any CPU
		{E96BDE14-0358-48BF-9B5A-9E0F0BCD3F8D}.Release|Any CPU.Build.0 = Release|Any CPU
		{E9C7A160-AB08-4190-AE19-C4B8A479966A}.Debug|Any CPU.ActiveCfg = Debug|Any CPU
		{E9C7A160-AB08-4190-AE19-C4B8A479966A}.Debug|Any CPU.Build.0 = Debug|Any CPU
		{E9C7A160-AB08-4190-AE19-C4B8A479966A}.Release|Any CPU.ActiveCfg = Release|Any CPU
		{E9C7A160-AB08-4190-AE19-C4B8A479966A}.Release|Any CPU.Build.0 = Release|Any CPU
		{DBCC43C3-CC2D-4530-A8BF-7F95E774F0C9}.Debug|Any CPU.ActiveCfg = Debug|Any CPU
		{DBCC43C3-CC2D-4530-A8BF-7F95E774F0C9}.Debug|Any CPU.Build.0 = Debug|Any CPU
		{DBCC43C3-CC2D-4530-A8BF-7F95E774F0C9}.Release|Any CPU.ActiveCfg = Release|Any CPU
		{DBCC43C3-CC2D-4530-A8BF-7F95E774F0C9}.Release|Any CPU.Build.0 = Release|Any CPU
		{C868ECF1-EE36-4792-9459-10681E47F330}.Debug|Any CPU.ActiveCfg = Debug|Any CPU
		{C868ECF1-EE36-4792-9459-10681E47F330}.Debug|Any CPU.Build.0 = Debug|Any CPU
		{C868ECF1-EE36-4792-9459-10681E47F330}.Release|Any CPU.ActiveCfg = Release|Any CPU
		{C868ECF1-EE36-4792-9459-10681E47F330}.Release|Any CPU.Build.0 = Release|Any CPU
		{A063C6EC-6209-47C0-98B5-52B98381BE4A}.Debug|Any CPU.ActiveCfg = Debug|Any CPU
		{A063C6EC-6209-47C0-98B5-52B98381BE4A}.Debug|Any CPU.Build.0 = Debug|Any CPU
		{A063C6EC-6209-47C0-98B5-52B98381BE4A}.Release|Any CPU.ActiveCfg = Release|Any CPU
		{A063C6EC-6209-47C0-98B5-52B98381BE4A}.Release|Any CPU.Build.0 = Release|Any CPU
		{C143FA40-4582-4EB9-ABFB-15918262F072}.Debug|Any CPU.ActiveCfg = Debug|Any CPU
		{C143FA40-4582-4EB9-ABFB-15918262F072}.Debug|Any CPU.Build.0 = Debug|Any CPU
		{C143FA40-4582-4EB9-ABFB-15918262F072}.Release|Any CPU.ActiveCfg = Release|Any CPU
		{C143FA40-4582-4EB9-ABFB-15918262F072}.Release|Any CPU.Build.0 = Release|Any CPU
		{F88844A4-C6EF-4411-A29D-FAFA81407F08}.Debug|Any CPU.ActiveCfg = Debug|Any CPU
		{F88844A4-C6EF-4411-A29D-FAFA81407F08}.Debug|Any CPU.Build.0 = Debug|Any CPU
		{F88844A4-C6EF-4411-A29D-FAFA81407F08}.Release|Any CPU.ActiveCfg = Release|Any CPU
		{F88844A4-C6EF-4411-A29D-FAFA81407F08}.Release|Any CPU.Build.0 = Release|Any CPU
		{7C715BD4-A7C8-4DCE-BA51-77C6A999B5D9}.Debug|Any CPU.ActiveCfg = Debug|Any CPU
		{7C715BD4-A7C8-4DCE-BA51-77C6A999B5D9}.Debug|Any CPU.Build.0 = Debug|Any CPU
		{7C715BD4-A7C8-4DCE-BA51-77C6A999B5D9}.Release|Any CPU.ActiveCfg = Release|Any CPU
		{7C715BD4-A7C8-4DCE-BA51-77C6A999B5D9}.Release|Any CPU.Build.0 = Release|Any CPU
	EndGlobalSection
EndGlobal
